
Microsoft Visual Studio Solution File, Format Version 12.00
# Visual Studio 15
VisualStudioVersion = 15.0.27703.2026
MinimumVisualStudioVersion = 10.0.40219.1
Project("{8BC9CEB8-8B4A-11D0-8D11-00A0C91BC942}") = "MFCApplication1", "MFCApplication1\MFCApplication1.vcxproj", "{8547B61A-68DD-414C-9051-D983C0808AA1}"
EndProject
Project("{54435603-DBB4-11D2-8724-00A0C9A8B90C}") = "SetupTraceUtilityUI", "SetupTraceUtilityUI\SetupTraceUtilityUI.vdproj", "{80229D38-D9C5-4ABE-B710-D6DAA9B59324}"
EndProject
Global
	GlobalSection(SolutionConfigurationPlatforms) = preSolution
		Debug|Win32 = Debug|Win32
		Release|Win32 = Release|Win32
	EndGlobalSection
	GlobalSection(ProjectConfigurationPlatforms) = postSolution
		{8547B61A-68DD-414C-9051-D983C0808AA1}.Debug|Win32.ActiveCfg = Debug|Win32
		{8547B61A-68DD-414C-9051-D983C0808AA1}.Debug|Win32.Build.0 = Debug|Win32
		{8547B61A-68DD-414C-9051-D983C0808AA1}.Release|Win32.ActiveCfg = Release|Win32
		{8547B61A-68DD-414C-9051-D983C0808AA1}.Release|Win32.Build.0 = Release|Win32
		{80229D38-D9C5-4ABE-B710-D6DAA9B59324}.Debug|Win32.ActiveCfg = Debug
		{80229D38-D9C5-4ABE-B710-D6DAA9B59324}.Release|Win32.ActiveCfg = Release
	EndGlobalSection
	GlobalSection(SolutionProperties) = preSolution
		HideSolutionNode = FALSE
	EndGlobalSection
	GlobalSection(ExtensibilityGlobals) = postSolution
		SolutionGuid = {9C92DC65-8A13-4508-870E-417E8FBB4B24}
	EndGlobalSection
EndGlobal
