<?xml version="1.0" encoding="utf-8"?>
<Project ToolsVersion="4.0" xmlns="http://schemas.microsoft.com/developer/msbuild/2003">
  <ItemGroup>
    <Filter Include="Source Files">
      <UniqueIdentifier>{4FC737F1-C7A5-4376-A066-2A32D752A2FF}</UniqueIdentifier>
      <Extensions>cpp;c;cc;cxx;def;odl;idl;hpj;bat;asm;asmx</Extensions>
    </Filter>
    <Filter Include="Header Files">
      <UniqueIdentifier>{93995380-89BD-4b04-88EB-625FBE52EBFB}</UniqueIdentifier>
      <Extensions>h;hh;hpp;hxx;hm;inl;inc;ipp;xsd</Extensions>
    </Filter>
    <Filter Include="Resource Files">
      <UniqueIdentifier>{67DA6AB6-F800-4c08-8B7A-83BB121AAD01}</UniqueIdentifier>
      <Extensions>rc;ico;cur;bmp;dlg;rc2;rct;bin;rgs;gif;jpg;jpeg;jpe;resx;tiff;tif;png;wav;mfcribbon-ms</Extensions>
    </Filter>
    <Filter Include="TraceUtility">
      <UniqueIdentifier>{476dc972-8c5d-4c04-ab15-ec4e49ca4316}</UniqueIdentifier>
    </Filter>
    <Filter Include="WebCamera">
      <UniqueIdentifier>{df57b246-99bf-4d25-8aff-f5d2c4474103}</UniqueIdentifier>
    </Filter>
    <Filter Include="RestClient">
      <UniqueIdentifier>{143792f5-a78c-474e-81fe-3d3012b1b43a}</UniqueIdentifier>
    </Filter>
  </ItemGroup>
  <ItemGroup>
    <ClInclude Include="WebBrowserMain\ErrorTypes.h">
      <Filter>Header Files</Filter>
    </ClInclude>
    <ClInclude Include="WebBrowserMain\HandleMonitors.h">
      <Filter>Header Files</Filter>
    </ClInclude>
    <ClInclude Include="WebBrowserMain\HandleSession.h">
      <Filter>Header Files</Filter>
    </ClInclude>
    <ClInclude Include="WebBrowserMain\HelpTools.h">
      <Filter>Header Files</Filter>
    </ClInclude>
    <ClInclude Include="WebBrowserMain\MyWebBrowser.h">
      <Filter>Header Files</Filter>
    </ClInclude>
    <ClInclude Include="WebBrowserMain\MyWindow.h">
      <Filter>Header Files</Filter>
    </ClInclude>
    <ClInclude Include="WebBrowserMain\VerifyLink.h">
      <Filter>Header Files</Filter>
    </ClInclude>
    <ClInclude Include="WebBrowserMain\WebBrowserWindow.h">
      <Filter>Header Files</Filter>
    </ClInclude>
    <ClInclude Include="WebBrowserMain\targetver.h">
      <Filter>Header Files</Filter>
    </ClInclude>
    <ClInclude Include="WebBrowserMain\stdafx.h">
      <Filter>Header Files</Filter>
    </ClInclude>
    <ClInclude Include="TraceUtility\File.h">
      <Filter>TraceUtility</Filter>
    </ClInclude>
    <ClInclude Include="TraceUtility\Log.h">
      <Filter>TraceUtility</Filter>
    </ClInclude>
    <ClInclude Include="TraceUtility\LogDebug.h">
      <Filter>TraceUtility</Filter>
    </ClInclude>
    <ClInclude Include="TraceUtility\LogError.h">
      <Filter>TraceUtility</Filter>
    </ClInclude>
    <ClInclude Include="TraceUtility\LogFatal.h">
      <Filter>TraceUtility</Filter>
    </ClInclude>
    <ClInclude Include="TraceUtility\LogInfo.h">
      <Filter>TraceUtility</Filter>
    </ClInclude>
    <ClInclude Include="TraceUtility\LogTrace.h">
      <Filter>TraceUtility</Filter>
    </ClInclude>
    <ClInclude Include="TraceUtility\LogWarning.h">
      <Filter>TraceUtility</Filter>
    </ClInclude>
    <ClInclude Include="TraceUtility\Severity.h">
      <Filter>TraceUtility</Filter>
    </ClInclude>
    <ClInclude Include="WebCamera\FaceDetector.h">
      <Filter>WebCamera</Filter>
    </ClInclude>
    <ClInclude Include="WebCamera\Frame.h">
      <Filter>WebCamera</Filter>
    </ClInclude>
    <ClInclude Include="WebCamera\escapi.h">
      <Filter>WebCamera</Filter>
    </ClInclude>
    <ClInclude Include="WebBrowserMain\ChooseCameraWindow.h">
      <Filter>Header Files</Filter>
    </ClInclude>
    <ClInclude Include="WebBrowserMain\Resource.h">
      <Filter>Header Files</Filter>
    </ClInclude>
    <ClInclude Include="RestClient\HttpClient.h">
      <Filter>RestClient</Filter>
    </ClInclude>
    <ClInclude Include="RestClient\Base64.h">
      <Filter>RestClient</Filter>
    </ClInclude>
    <ClInclude Include="RestClient\Observer.h">
      <Filter>RestClient</Filter>
    </ClInclude>
    <ClInclude Include="RestClient\RestClient.h">
      <Filter>RestClient</Filter>
    </ClInclude>
    <ClInclude Include="RestClient\Subject.h">
      <Filter>RestClient</Filter>
    </ClInclude>
    <ClInclude Include="WebCamera\Camera.h">
      <Filter>WebCamera</Filter>
    </ClInclude>
    <ClInclude Include="WebCamera\CameraHandler.h">
      <Filter>WebCamera</Filter>
    </ClInclude>
    <ClInclude Include="WebCamera\Tools.h">
      <Filter>WebCamera</Filter>
    </ClInclude>
    <ClInclude Include="WebBrowserMain\AuthenticationWindow.h">
      <Filter>Header Files</Filter>
    </ClInclude>
    <ClInclude Include="WebBrowserMain\KeySequence.h">
      <Filter>Header Files</Filter>
    </ClInclude>
    <ClInclude Include="WebBrowserMain\WndCtrls.h">
      <Filter>Header Files</Filter>
    </ClInclude>
  </ItemGroup>
  <ItemGroup>
    <ClCompile Include="WebBrowserMain\HandleMonitors.cpp">
      <Filter>Source Files</Filter>
    </ClCompile>
    <ClCompile Include="WebBrowserMain\HandleSession.cpp">
      <Filter>Source Files</Filter>
    </ClCompile>
    <ClCompile Include="WebBrowserMain\MyWebBrowser.cpp">
      <Filter>Source Files</Filter>
    </ClCompile>
    <ClCompile Include="WebBrowserMain\MyWindow.cpp">
      <Filter>Source Files</Filter>
    </ClCompile>
    <ClCompile Include="WebBrowserMain\VerifyLink.cpp">
      <Filter>Source Files</Filter>
    </ClCompile>
    <ClCompile Include="WebBrowserMain\WebBrowserWindow.cpp">
      <Filter>Source Files</Filter>
    </ClCompile>
    <ClCompile Include="WebBrowserMain\stdafx.cpp">
      <Filter>Source Files</Filter>
    </ClCompile>
    <ClCompile Include="WebBrowserMain\WinMain.cpp">
      <Filter>Source Files</Filter>
    </ClCompile>
    <ClCompile Include="TraceUtility\LogInfo.cpp">
      <Filter>TraceUtility</Filter>
    </ClCompile>
    <ClCompile Include="TraceUtility\LogDebug.cpp">
      <Filter>TraceUtility</Filter>
    </ClCompile>
    <ClCompile Include="TraceUtility\LogError.cpp">
      <Filter>TraceUtility</Filter>
    </ClCompile>
    <ClCompile Include="TraceUtility\LogFatal.cpp">
      <Filter>TraceUtility</Filter>
    </ClCompile>
    <ClCompile Include="TraceUtility\LogTrace.cpp">
      <Filter>TraceUtility</Filter>
    </ClCompile>
    <ClCompile Include="TraceUtility\LogWarning.cpp">
      <Filter>TraceUtility</Filter>
    </ClCompile>
    <ClCompile Include="TraceUtility\File.cpp">
      <Filter>TraceUtility</Filter>
    </ClCompile>
    <ClCompile Include="WebCamera\FaceDetector.cpp">
      <Filter>WebCamera</Filter>
    </ClCompile>
    <ClCompile Include="WebCamera\escapi.cpp">
      <Filter>WebCamera</Filter>
    </ClCompile>
    <ClCompile Include="WebBrowserMain\ChooseCameraWindow.cpp">
      <Filter>Source Files</Filter>
    </ClCompile>
    <ClCompile Include="TraceUtility\Log.cpp">
      <Filter>TraceUtility</Filter>
    </ClCompile>
    <ClCompile Include="RestClient\HttpClient.cpp">
      <Filter>RestClient</Filter>
    </ClCompile>
    <ClCompile Include="RestClient\Base64.cpp">
      <Filter>RestClient</Filter>
    </ClCompile>
    <ClCompile Include="RestClient\Observer.cpp">
      <Filter>RestClient</Filter>
    </ClCompile>
    <ClCompile Include="RestClient\RestClient.cpp">
      <Filter>RestClient</Filter>
    </ClCompile>
    <ClCompile Include="RestClient\Subject.cpp">
      <Filter>RestClient</Filter>
    </ClCompile>
    <ClCompile Include="WebCamera\Camera.cpp">
      <Filter>WebCamera</Filter>
    </ClCompile>
    <ClCompile Include="WebCamera\CameraHandler.cpp">
      <Filter>WebCamera</Filter>
    </ClCompile>
    <ClCompile Include="WebBrowserMain\AuthenticationWindow.cpp">
      <Filter>Source Files</Filter>
    </ClCompile>
    <ClCompile Include="WebBrowserMain\KeySequence.cpp">
      <Filter>Source Files</Filter>
    </ClCompile>
  </ItemGroup>
  <ItemGroup>
    <Image Include="Resources\small.ico">
      <Filter>Resource Files</Filter>
    </Image>
    <Image Include="Resources\WebBrowser2.ico">
      <Filter>Resource Files</Filter>
    </Image>
  </ItemGroup>
  <ItemGroup>
    <ResourceCompile Include="Resources\WebBrowser2.rc">
      <Filter>Resource Files</Filter>
    </ResourceCompile>
  </ItemGroup>
</Project>