
Microsoft Visual Studio Solution File, Format Version 12.00
# Visual Studio 15
VisualStudioVersion = 15.0.27428.2043
MinimumVisualStudioVersion = 10.0.40219.1
Project("{8BC9CEB8-8B4A-11D0-8D11-00A0C91BC942}") = "FaceDetect", "FaceDetect\FaceDetect.vcxproj", "{F6B3342A-05A4-4181-B165-6B15E350393B}"
EndProject
Global
	GlobalSection(SolutionConfigurationPlatforms) = preSolution
		Debug|x64 = Debug|x64
		Debug|x86 = Debug|x86
		Release|x64 = Release|x64
		Release|x86 = Release|x86
	EndGlobalSection
	GlobalSection(ProjectConfigurationPlatforms) = postSolution
		{F6B3342A-05A4-4181-B165-6B15E350393B}.Debug|x64.ActiveCfg = Debug|x64
		{F6B3342A-05A4-4181-B165-6B15E350393B}.Debug|x64.Build.0 = Debug|x64
		{F6B3342A-05A4-4181-B165-6B15E350393B}.Debug|x86.ActiveCfg = Debug|Win32
		{F6B3342A-05A4-4181-B165-6B15E350393B}.Debug|x86.Build.0 = Debug|Win32
		{F6B3342A-05A4-4181-B165-6B15E350393B}.Release|x64.ActiveCfg = Release|x64
		{F6B3342A-05A4-4181-B165-6B15E350393B}.Release|x64.Build.0 = Release|x64
		{F6B3342A-05A4-4181-B165-6B15E350393B}.Release|x86.ActiveCfg = Release|Win32
		{F6B3342A-05A4-4181-B165-6B15E350393B}.Release|x86.Build.0 = Release|Win32
	EndGlobalSection
	GlobalSection(SolutionProperties) = preSolution
		HideSolutionNode = FALSE
	EndGlobalSection
	GlobalSection(ExtensibilityGlobals) = postSolution
		SolutionGuid = {33F657BE-BB26-4EED-99CA-60C11DCE4B14}
	EndGlobalSection
EndGlobal
